
Microsoft Visual Studio Solution File, Format Version 12.00
# Visual Studio Version 17
VisualStudioVersion = 17.1.32228.430
MinimumVisualStudioVersion = 10.0.40219.1
Project("{FAE04EC0-301F-11D3-BF4B-00C04F79EFBC}") = "Block2_GitRepo_UDSTraining", "Block2_GitRepo_UDSTraining.csproj", "{B296E190-7D13-461F-B8CF-555FF257CDF9}"
EndProject
Global
	GlobalSection(SolutionConfigurationPlatforms) = preSolution
		Debug|Any CPU = Debug|Any CPU
		Release|Any CPU = Release|Any CPU
	EndGlobalSection
	GlobalSection(ProjectConfigurationPlatforms) = postSolution
		{B296E190-7D13-461F-B8CF-555FF257CDF9}.Debug|Any CPU.ActiveCfg = Debug|Any CPU
		{B296E190-7D13-461F-B8CF-555FF257CDF9}.Debug|Any CPU.Build.0 = Debug|Any CPU
		{B296E190-7D13-461F-B8CF-555FF257CDF9}.Release|Any CPU.ActiveCfg = Release|Any CPU
		{B296E190-7D13-461F-B8CF-555FF257CDF9}.Release|Any CPU.Build.0 = Release|Any CPU
	EndGlobalSection
	GlobalSection(SolutionProperties) = preSolution
		HideSolutionNode = FALSE
	EndGlobalSection
	GlobalSection(ExtensibilityGlobals) = postSolution
		SolutionGuid = {E1144613-86C0-41E5-8DF3-AE294794A331}
	EndGlobalSection
EndGlobal
