
Microsoft Visual Studio Solution File, Format Version 12.00
# Visual Studio Version 17
VisualStudioVersion = 17.1.32228.430
MinimumVisualStudioVersion = 10.0.40219.1
Project("{FAE04EC0-301F-11D3-BF4B-00C04F79EFBC}") = "MyPlugins", "MyPlugins\MyPlugins.csproj", "{C21F98A6-42C3-474A-BF1F-2B4551D5F61C}"
EndProject
Project("{2150E333-8FDC-42A3-9474-1A3956D46DE8}") = "Client Scripts", "Client Scripts", "{8BF58C51-D0DC-4820-A63A-29ACC679D809}"
	ProjectSection(SolutionItems) = preProject
		RentButtonScripts.js = RentButtonScripts.js
		RentScripst.js = RentScripst.js
	EndProjectSection
EndProject
Global
	GlobalSection(SolutionConfigurationPlatforms) = preSolution
		Debug|Any CPU = Debug|Any CPU
		Release|Any CPU = Release|Any CPU
	EndGlobalSection
	GlobalSection(ProjectConfigurationPlatforms) = postSolution
		{C21F98A6-42C3-474A-BF1F-2B4551D5F61C}.Debug|Any CPU.ActiveCfg = Debug|Any CPU
		{C21F98A6-42C3-474A-BF1F-2B4551D5F61C}.Debug|Any CPU.Build.0 = Debug|Any CPU
		{C21F98A6-42C3-474A-BF1F-2B4551D5F61C}.Release|Any CPU.ActiveCfg = Release|Any CPU
		{C21F98A6-42C3-474A-BF1F-2B4551D5F61C}.Release|Any CPU.Build.0 = Release|Any CPU
	EndGlobalSection
	GlobalSection(SolutionProperties) = preSolution
		HideSolutionNode = FALSE
	EndGlobalSection
	GlobalSection(ExtensibilityGlobals) = postSolution
		SolutionGuid = {B56491BE-7F8E-416F-B84A-2DF3B7009919}
	EndGlobalSection
EndGlobal
